// !$*UTF8*$!
{
	archiveVersion = 1;
	classes = {
	};
	objectVersion = 46;
	objects = {

/* Begin PBXAggregateTarget section */
		"StubKit::StubKitPackageTests::ProductTarget" /* StubKitPackageTests */ = {
			isa = PBXAggregateTarget;
			buildConfigurationList = OBJ_41 /* Build configuration list for PBXAggregateTarget "StubKitPackageTests" */;
			buildPhases = (
			);
			dependencies = (
				OBJ_44 /* PBXTargetDependency */,
			);
			name = StubKitPackageTests;
			productName = StubKitPackageTests;
		};
/* End PBXAggregateTarget section */

/* Begin PBXBuildFile section */
		E00F66C7222D59F100D22C68 /* Number.swift in Sources */ = {isa = PBXBuildFile; fileRef = E00F66C6222D59F100D22C68 /* Number.swift */; };
		E00F66C9222D65C500D22C68 /* String.swift in Sources */ = {isa = PBXBuildFile; fileRef = E00F66C8222D65C500D22C68 /* String.swift */; };
		E00F66CB222D668600D22C68 /* Misc.swift in Sources */ = {isa = PBXBuildFile; fileRef = E00F66CA222D668600D22C68 /* Misc.swift */; };
		E00F66CD222D72A500D22C68 /* DefaultStubbableTests.swift in Sources */ = {isa = PBXBuildFile; fileRef = E00F66CC222D72A500D22C68 /* DefaultStubbableTests.swift */; };
		E0101A7F2234981F00CF815E /* StubProvider.swift in Sources */ = {isa = PBXBuildFile; fileRef = E0101A7E2234981F00CF815E /* StubProvider.swift */; };
		E0101A842234A06900CF815E /* BuiltinStubProvider.swift in Sources */ = {isa = PBXBuildFile; fileRef = E0101A832234A06900CF815E /* BuiltinStubProvider.swift */; };
		E0101A862234A38300CF815E /* StubbableProvider.swift in Sources */ = {isa = PBXBuildFile; fileRef = E0101A852234A38200CF815E /* StubbableProvider.swift */; };
		OBJ_28 /* Decoders.swift in Sources */ = {isa = PBXBuildFile; fileRef = OBJ_9 /* Decoders.swift */; };
		OBJ_29 /* EnumStubProvider.swift in Sources */ = {isa = PBXBuildFile; fileRef = OBJ_10 /* EnumStubProvider.swift */; };
		OBJ_30 /* Injector.swift in Sources */ = {isa = PBXBuildFile; fileRef = OBJ_11 /* Injector.swift */; };
		OBJ_31 /* StubKit.swift in Sources */ = {isa = PBXBuildFile; fileRef = OBJ_12 /* StubKit.swift */; };
		OBJ_32 /* Stubbable.swift in Sources */ = {isa = PBXBuildFile; fileRef = OBJ_13 /* Stubbable.swift */; };
		OBJ_39 /* Package.swift in Sources */ = {isa = PBXBuildFile; fileRef = OBJ_6 /* Package.swift */; };
		OBJ_50 /* DecodersTests.swift in Sources */ = {isa = PBXBuildFile; fileRef = OBJ_16 /* DecodersTests.swift */; };
		OBJ_51 /* StubKitTests.swift in Sources */ = {isa = PBXBuildFile; fileRef = OBJ_17 /* StubKitTests.swift */; };
		OBJ_52 /* XCTestManifests.swift in Sources */ = {isa = PBXBuildFile; fileRef = OBJ_18 /* XCTestManifests.swift */; };
		OBJ_54 /* StubKit.framework in Frameworks */ = {isa = PBXBuildFile; fileRef = "StubKit::StubKit::Product" /* StubKit.framework */; };
/* End PBXBuildFile section */

/* Begin PBXContainerItemProxy section */
		E00F66C3222B4AD300D22C68 /* PBXContainerItemProxy */ = {
			isa = PBXContainerItemProxy;
			containerPortal = OBJ_1 /* Project object */;
			proxyType = 1;
			remoteGlobalIDString = "StubKit::StubKit";
			remoteInfo = StubKit;
		};
		E00F66C5222D59E300D22C68 /* PBXContainerItemProxy */ = {
			isa = PBXContainerItemProxy;
			containerPortal = OBJ_1 /* Project object */;
			proxyType = 1;
			remoteGlobalIDString = "StubKit::StubKitTests";
			remoteInfo = StubKitTests;
		};
/* End PBXContainerItemProxy section */

/* Begin PBXFileReference section */
		E00F66C6222D59F100D22C68 /* Number.swift */ = {isa = PBXFileReference; lastKnownFileType = sourcecode.swift; path = Number.swift; sourceTree = "<group>"; };
		E00F66C8222D65C500D22C68 /* String.swift */ = {isa = PBXFileReference; lastKnownFileType = sourcecode.swift; path = String.swift; sourceTree = "<group>"; };
		E00F66CA222D668600D22C68 /* Misc.swift */ = {isa = PBXFileReference; lastKnownFileType = sourcecode.swift; path = Misc.swift; sourceTree = "<group>"; };
		E00F66CC222D72A500D22C68 /* DefaultStubbableTests.swift */ = {isa = PBXFileReference; lastKnownFileType = sourcecode.swift; path = DefaultStubbableTests.swift; sourceTree = "<group>"; };
		E0101A7E2234981F00CF815E /* StubProvider.swift */ = {isa = PBXFileReference; lastKnownFileType = sourcecode.swift; path = StubProvider.swift; sourceTree = "<group>"; };
		E0101A832234A06900CF815E /* BuiltinStubProvider.swift */ = {isa = PBXFileReference; lastKnownFileType = sourcecode.swift; path = BuiltinStubProvider.swift; sourceTree = "<group>"; };
		E0101A852234A38200CF815E /* StubbableProvider.swift */ = {isa = PBXFileReference; fileEncoding = 4; lastKnownFileType = sourcecode.swift; path = StubbableProvider.swift; sourceTree = "<group>"; };
		OBJ_10 /* EnumStubProvider.swift */ = {isa = PBXFileReference; lastKnownFileType = sourcecode.swift; path = EnumStubProvider.swift; sourceTree = "<group>"; };
		OBJ_11 /* Injector.swift */ = {isa = PBXFileReference; lastKnownFileType = sourcecode.swift; path = Injector.swift; sourceTree = "<group>"; };
		OBJ_12 /* StubKit.swift */ = {isa = PBXFileReference; lastKnownFileType = sourcecode.swift; path = StubKit.swift; sourceTree = "<group>"; };
		OBJ_13 /* Stubbable.swift */ = {isa = PBXFileReference; lastKnownFileType = sourcecode.swift; path = Stubbable.swift; sourceTree = "<group>"; };
		OBJ_16 /* DecodersTests.swift */ = {isa = PBXFileReference; lastKnownFileType = sourcecode.swift; path = DecodersTests.swift; sourceTree = "<group>"; };
		OBJ_17 /* StubKitTests.swift */ = {isa = PBXFileReference; lastKnownFileType = sourcecode.swift; path = StubKitTests.swift; sourceTree = "<group>"; };
		OBJ_18 /* XCTestManifests.swift */ = {isa = PBXFileReference; lastKnownFileType = sourcecode.swift; path = XCTestManifests.swift; sourceTree = "<group>"; };
		OBJ_19 /* script */ = {isa = PBXFileReference; lastKnownFileType = folder; path = script; sourceTree = SOURCE_ROOT; };
		OBJ_6 /* Package.swift */ = {isa = PBXFileReference; explicitFileType = sourcecode.swift; path = Package.swift; sourceTree = "<group>"; };
		OBJ_9 /* Decoders.swift */ = {isa = PBXFileReference; lastKnownFileType = sourcecode.swift; path = Decoders.swift; sourceTree = "<group>"; };
		"StubKit::StubKit::Product" /* StubKit.framework */ = {isa = PBXFileReference; explicitFileType = wrapper.framework; path = StubKit.framework; sourceTree = BUILT_PRODUCTS_DIR; };
		"StubKit::StubKitTests::Product" /* StubKitTests.xctest */ = {isa = PBXFileReference; lastKnownFileType = file; path = StubKitTests.xctest; sourceTree = BUILT_PRODUCTS_DIR; };
/* End PBXFileReference section */

/* Begin PBXFrameworksBuildPhase section */
		OBJ_33 /* Frameworks */ = {
			isa = PBXFrameworksBuildPhase;
			buildActionMask = 0;
			files = (
			);
			runOnlyForDeploymentPostprocessing = 0;
		};
		OBJ_53 /* Frameworks */ = {
			isa = PBXFrameworksBuildPhase;
			buildActionMask = 0;
			files = (
				OBJ_54 /* StubKit.framework in Frameworks */,
			);
			runOnlyForDeploymentPostprocessing = 0;
		};
/* End PBXFrameworksBuildPhase section */

/* Begin PBXGroup section */
		E00F66C4222D59D600D22C68 /* DefaultStubbable */ = {
			isa = PBXGroup;
			children = (
				E00F66C6222D59F100D22C68 /* Number.swift */,
				E00F66C8222D65C500D22C68 /* String.swift */,
				E00F66CA222D668600D22C68 /* Misc.swift */,
			);
			path = DefaultStubbable;
			sourceTree = "<group>";
		};
		E0101A822234A04C00CF815E /* Provider */ = {
			isa = PBXGroup;
			children = (
				OBJ_10 /* EnumStubProvider.swift */,
				E0101A852234A38200CF815E /* StubbableProvider.swift */,
				E0101A832234A06900CF815E /* BuiltinStubProvider.swift */,
			);
			path = Provider;
			sourceTree = "<group>";
		};
		OBJ_14 /* Tests */ = {
			isa = PBXGroup;
			children = (
				OBJ_15 /* StubKitTests */,
			);
			name = Tests;
			sourceTree = SOURCE_ROOT;
		};
		OBJ_15 /* StubKitTests */ = {
			isa = PBXGroup;
			children = (
				OBJ_16 /* DecodersTests.swift */,
				OBJ_17 /* StubKitTests.swift */,
				E00F66CC222D72A500D22C68 /* DefaultStubbableTests.swift */,
				OBJ_18 /* XCTestManifests.swift */,
			);
			name = StubKitTests;
			path = Tests/StubKitTests;
			sourceTree = SOURCE_ROOT;
		};
		OBJ_20 /* Products */ = {
			isa = PBXGroup;
			children = (
				"StubKit::StubKitTests::Product" /* StubKitTests.xctest */,
				"StubKit::StubKit::Product" /* StubKit.framework */,
			);
			name = Products;
			sourceTree = BUILT_PRODUCTS_DIR;
		};
		OBJ_5 = {
			isa = PBXGroup;
			children = (
				OBJ_6 /* Package.swift */,
				OBJ_7 /* Sources */,
				OBJ_14 /* Tests */,
				OBJ_19 /* script */,
				OBJ_20 /* Products */,
			);
			sourceTree = "<group>";
		};
		OBJ_7 /* Sources */ = {
			isa = PBXGroup;
			children = (
				OBJ_8 /* StubKit */,
			);
			name = Sources;
			sourceTree = SOURCE_ROOT;
		};
		OBJ_8 /* StubKit */ = {
			isa = PBXGroup;
			children = (
				OBJ_9 /* Decoders.swift */,
				OBJ_11 /* Injector.swift */,
				OBJ_12 /* StubKit.swift */,
				OBJ_13 /* Stubbable.swift */,
				E0101A7E2234981F00CF815E /* StubProvider.swift */,
				E0101A822234A04C00CF815E /* Provider */,
				E00F66C4222D59D600D22C68 /* DefaultStubbable */,
			);
			name = StubKit;
			path = Sources/StubKit;
			sourceTree = SOURCE_ROOT;
		};
/* End PBXGroup section */

/* Begin PBXNativeTarget section */
		"StubKit::StubKit" /* StubKit */ = {
			isa = PBXNativeTarget;
			buildConfigurationList = OBJ_24 /* Build configuration list for PBXNativeTarget "StubKit" */;
			buildPhases = (
				OBJ_27 /* Sources */,
				OBJ_33 /* Frameworks */,
			);
			buildRules = (
			);
			dependencies = (
			);
			name = StubKit;
			productName = StubKit;
			productReference = "StubKit::StubKit::Product" /* StubKit.framework */;
			productType = "com.apple.product-type.framework";
		};
		"StubKit::StubKitTests" /* StubKitTests */ = {
			isa = PBXNativeTarget;
			buildConfigurationList = OBJ_46 /* Build configuration list for PBXNativeTarget "StubKitTests" */;
			buildPhases = (
				OBJ_49 /* Sources */,
				OBJ_53 /* Frameworks */,
			);
			buildRules = (
			);
			dependencies = (
				OBJ_55 /* PBXTargetDependency */,
			);
			name = StubKitTests;
			productName = StubKitTests;
			productReference = "StubKit::StubKitTests::Product" /* StubKitTests.xctest */;
			productType = "com.apple.product-type.bundle.unit-test";
		};
		"StubKit::SwiftPMPackageDescription" /* StubKitPackageDescription */ = {
			isa = PBXNativeTarget;
			buildConfigurationList = OBJ_35 /* Build configuration list for PBXNativeTarget "StubKitPackageDescription" */;
			buildPhases = (
				OBJ_38 /* Sources */,
			);
			buildRules = (
			);
			dependencies = (
			);
			name = StubKitPackageDescription;
			productName = StubKitPackageDescription;
			productType = "com.apple.product-type.framework";
		};
/* End PBXNativeTarget section */

/* Begin PBXProject section */
		OBJ_1 /* Project object */ = {
			isa = PBXProject;
			attributes = {
				LastUpgradeCheck = 9999;
			};
			buildConfigurationList = OBJ_2 /* Build configuration list for PBXProject "StubKit" */;
			compatibilityVersion = "Xcode 3.2";
			developmentRegion = English;
			hasScannedForEncodings = 0;
			knownRegions = (
				English,
				en,
			);
			mainGroup = OBJ_5;
			productRefGroup = OBJ_20 /* Products */;
			projectDirPath = "";
			projectRoot = "";
			targets = (
				"StubKit::StubKit" /* StubKit */,
				"StubKit::SwiftPMPackageDescription" /* StubKitPackageDescription */,
				"StubKit::StubKitPackageTests::ProductTarget" /* StubKitPackageTests */,
				"StubKit::StubKitTests" /* StubKitTests */,
			);
		};
/* End PBXProject section */

/* Begin PBXSourcesBuildPhase section */
		OBJ_27 /* Sources */ = {
			isa = PBXSourcesBuildPhase;
			buildActionMask = 0;
			files = (
				E0101A7F2234981F00CF815E /* StubProvider.swift in Sources */,
				E00F66C7222D59F100D22C68 /* Number.swift in Sources */,
				E00F66CB222D668600D22C68 /* Misc.swift in Sources */,
				OBJ_28 /* Decoders.swift in Sources */,
				E0101A862234A38300CF815E /* StubbableProvider.swift in Sources */,
				OBJ_29 /* EnumStubProvider.swift in Sources */,
				OBJ_30 /* Injector.swift in Sources */,
				E0101A842234A06900CF815E /* BuiltinStubProvider.swift in Sources */,
				E00F66C9222D65C500D22C68 /* String.swift in Sources */,
				OBJ_31 /* StubKit.swift in Sources */,
				OBJ_32 /* Stubbable.swift in Sources */,
			);
			runOnlyForDeploymentPostprocessing = 0;
		};
		OBJ_38 /* Sources */ = {
			isa = PBXSourcesBuildPhase;
			buildActionMask = 0;
			files = (
				OBJ_39 /* Package.swift in Sources */,
			);
			runOnlyForDeploymentPostprocessing = 0;
		};
		OBJ_49 /* Sources */ = {
			isa = PBXSourcesBuildPhase;
			buildActionMask = 0;
			files = (
				OBJ_50 /* DecodersTests.swift in Sources */,
				OBJ_51 /* StubKitTests.swift in Sources */,
				E00F66CD222D72A500D22C68 /* DefaultStubbableTests.swift in Sources */,
				OBJ_52 /* XCTestManifests.swift in Sources */,
			);
			runOnlyForDeploymentPostprocessing = 0;
		};
/* End PBXSourcesBuildPhase section */

/* Begin PBXTargetDependency section */
		OBJ_44 /* PBXTargetDependency */ = {
			isa = PBXTargetDependency;
			target = "StubKit::StubKitTests" /* StubKitTests */;
			targetProxy = E00F66C5222D59E300D22C68 /* PBXContainerItemProxy */;
		};
		OBJ_55 /* PBXTargetDependency */ = {
			isa = PBXTargetDependency;
			target = "StubKit::StubKit" /* StubKit */;
			targetProxy = E00F66C3222B4AD300D22C68 /* PBXContainerItemProxy */;
		};
/* End PBXTargetDependency section */

/* Begin XCBuildConfiguration section */
		OBJ_25 /* Debug */ = {
			isa = XCBuildConfiguration;
			buildSettings = {
				ENABLE_TESTABILITY = YES;
				FRAMEWORK_SEARCH_PATHS = (
					"$(inherited)",
					"$(PLATFORM_DIR)/Developer/Library/Frameworks",
				);
				HEADER_SEARCH_PATHS = "$(inherited)";
				INFOPLIST_FILE = StubKit.xcodeproj/StubKit_Info.plist;
				LD_RUNPATH_SEARCH_PATHS = "$(inherited) $(TOOLCHAIN_DIR)/usr/lib/swift/macosx";
				OTHER_CFLAGS = "$(inherited)";
				OTHER_LDFLAGS = "$(inherited)";
				OTHER_SWIFT_FLAGS = "$(inherited)";
				PRODUCT_BUNDLE_IDENTIFIER = StubKit;
				PRODUCT_MODULE_NAME = "$(TARGET_NAME:c99extidentifier)";
				PRODUCT_NAME = "$(TARGET_NAME:c99extidentifier)";
				SKIP_INSTALL = YES;
				SWIFT_ACTIVE_COMPILATION_CONDITIONS = "$(inherited)";
				SWIFT_VERSION = 4.2;
				TARGET_NAME = StubKit;
			};
			name = Debug;
		};
		OBJ_26 /* Release */ = {
			isa = XCBuildConfiguration;
			buildSettings = {
				ENABLE_TESTABILITY = YES;
				FRAMEWORK_SEARCH_PATHS = (
					"$(inherited)",
					"$(PLATFORM_DIR)/Developer/Library/Frameworks",
				);
				HEADER_SEARCH_PATHS = "$(inherited)";
				INFOPLIST_FILE = StubKit.xcodeproj/StubKit_Info.plist;
				LD_RUNPATH_SEARCH_PATHS = "$(inherited) $(TOOLCHAIN_DIR)/usr/lib/swift/macosx";
				OTHER_CFLAGS = "$(inherited)";
				OTHER_LDFLAGS = "$(inherited)";
				OTHER_SWIFT_FLAGS = "$(inherited)";
				PRODUCT_BUNDLE_IDENTIFIER = StubKit;
				PRODUCT_MODULE_NAME = "$(TARGET_NAME:c99extidentifier)";
				PRODUCT_NAME = "$(TARGET_NAME:c99extidentifier)";
				SKIP_INSTALL = YES;
				SWIFT_ACTIVE_COMPILATION_CONDITIONS = "$(inherited)";
				SWIFT_VERSION = 4.2;
				TARGET_NAME = StubKit;
			};
			name = Release;
		};
		OBJ_3 /* Debug */ = {
			isa = XCBuildConfiguration;
			buildSettings = {
				CLANG_ENABLE_OBJC_ARC = YES;
				COMBINE_HIDPI_IMAGES = YES;
				COPY_PHASE_STRIP = NO;
				DEBUG_INFORMATION_FORMAT = dwarf;
				DYLIB_INSTALL_NAME_BASE = "@rpath";
				ENABLE_NS_ASSERTIONS = YES;
				GCC_OPTIMIZATION_LEVEL = 0;
				GCC_PREPROCESSOR_DEFINITIONS = (
					"DEBUG=1",
					"$(inherited)",
				);
				IPHONEOS_DEPLOYMENT_TARGET = 10.0;
				MACOSX_DEPLOYMENT_TARGET = 10.10;
				ONLY_ACTIVE_ARCH = YES;
				OTHER_SWIFT_FLAGS = "-DXcode";
				PRODUCT_NAME = "$(TARGET_NAME)";
				SDKROOT = macosx;
				SUPPORTED_PLATFORMS = "macosx iphoneos iphonesimulator appletvos appletvsimulator watchos watchsimulator";
				SWIFT_ACTIVE_COMPILATION_CONDITIONS = "SWIFT_PACKAGE DEBUG";
				SWIFT_OPTIMIZATION_LEVEL = "-Onone";
				USE_HEADERMAP = NO;
			};
			name = Debug;
		};
		OBJ_36 /* Debug */ = {
			isa = XCBuildConfiguration;
			buildSettings = {
				LD = /usr/bin/true;
				OTHER_SWIFT_FLAGS = "-swift-version 4.2 -I $(TOOLCHAIN_DIR)/usr/lib/swift/pm/4_2 -target x86_64-apple-macosx10.10 -sdk /Applications/Xcode-10.1.app/Contents/Developer/Platforms/MacOSX.platform/Developer/SDKs/MacOSX10.14.sdk";
				SWIFT_VERSION = 4.2;
			};
			name = Debug;
		};
		OBJ_37 /* Release */ = {
			isa = XCBuildConfiguration;
			buildSettings = {
				LD = /usr/bin/true;
				OTHER_SWIFT_FLAGS = "-swift-version 4.2 -I $(TOOLCHAIN_DIR)/usr/lib/swift/pm/4_2 -target x86_64-apple-macosx10.10 -sdk /Applications/Xcode-10.1.app/Contents/Developer/Platforms/MacOSX.platform/Developer/SDKs/MacOSX10.14.sdk";
				SWIFT_VERSION = 4.2;
			};
			name = Release;
		};
		OBJ_4 /* Release */ = {
			isa = XCBuildConfiguration;
			buildSettings = {
				CLANG_ENABLE_OBJC_ARC = YES;
				COMBINE_HIDPI_IMAGES = YES;
				COPY_PHASE_STRIP = YES;
				DEBUG_INFORMATION_FORMAT = "dwarf-with-dsym";
				DYLIB_INSTALL_NAME_BASE = "@rpath";
				GCC_OPTIMIZATION_LEVEL = s;
				IPHONEOS_DEPLOYMENT_TARGET = 10.0;
				MACOSX_DEPLOYMENT_TARGET = 10.10;
				OTHER_SWIFT_FLAGS = "-DXcode";
				PRODUCT_NAME = "$(TARGET_NAME)";
				SDKROOT = macosx;
				SUPPORTED_PLATFORMS = "macosx iphoneos iphonesimulator appletvos appletvsimulator watchos watchsimulator";
				SWIFT_ACTIVE_COMPILATION_CONDITIONS = SWIFT_PACKAGE;
				SWIFT_OPTIMIZATION_LEVEL = "-Owholemodule";
				USE_HEADERMAP = NO;
			};
			name = Release;
		};
		OBJ_42 /* Debug */ = {
			isa = XCBuildConfiguration;
			buildSettings = {
			};
			name = Debug;
		};
		OBJ_43 /* Release */ = {
			isa = XCBuildConfiguration;
			buildSettings = {
			};
			name = Release;
		};
		OBJ_47 /* Debug */ = {
			isa = XCBuildConfiguration;
			buildSettings = {
				CLANG_ENABLE_MODULES = YES;
				EMBEDDED_CONTENT_CONTAINS_SWIFT = YES;
				FRAMEWORK_SEARCH_PATHS = (
					"$(inherited)",
					"$(PLATFORM_DIR)/Developer/Library/Frameworks",
				);
				HEADER_SEARCH_PATHS = "$(inherited)";
				INFOPLIST_FILE = StubKit.xcodeproj/StubKitTests_Info.plist;
				LD_RUNPATH_SEARCH_PATHS = "$(inherited) @loader_path/../Frameworks @loader_path/Frameworks";
				OTHER_CFLAGS = "$(inherited)";
				OTHER_LDFLAGS = "$(inherited)";
				OTHER_SWIFT_FLAGS = "$(inherited)";
				SWIFT_ACTIVE_COMPILATION_CONDITIONS = "$(inherited)";
				SWIFT_VERSION = 4.2;
				TARGET_NAME = StubKitTests;
			};
			name = Debug;
		};
		OBJ_48 /* Release */ = {
			isa = XCBuildConfiguration;
			buildSettings = {
				CLANG_ENABLE_MODULES = YES;
				EMBEDDED_CONTENT_CONTAINS_SWIFT = YES;
				FRAMEWORK_SEARCH_PATHS = (
					"$(inherited)",
					"$(PLATFORM_DIR)/Developer/Library/Frameworks",
				);
				HEADER_SEARCH_PATHS = "$(inherited)";
				INFOPLIST_FILE = StubKit.xcodeproj/StubKitTests_Info.plist;
				LD_RUNPATH_SEARCH_PATHS = "$(inherited) @loader_path/../Frameworks @loader_path/Frameworks";
				OTHER_CFLAGS = "$(inherited)";
				OTHER_LDFLAGS = "$(inherited)";
				OTHER_SWIFT_FLAGS = "$(inherited)";
				SWIFT_ACTIVE_COMPILATION_CONDITIONS = "$(inherited)";
				SWIFT_VERSION = 4.2;
				TARGET_NAME = StubKitTests;
			};
			name = Release;
		};
/* End XCBuildConfiguration section */

/* Begin XCConfigurationList section */
		OBJ_2 /* Build configuration list for PBXProject "StubKit" */ = {
			isa = XCConfigurationList;
			buildConfigurations = (
				OBJ_3 /* Debug */,
				OBJ_4 /* Release */,
			);
			defaultConfigurationIsVisible = 0;
			defaultConfigurationName = Release;
		};
		OBJ_24 /* Build configuration list for PBXNativeTarget "StubKit" */ = {
			isa = XCConfigurationList;
			buildConfigurations = (
				OBJ_25 /* Debug */,
				OBJ_26 /* Release */,
			);
			defaultConfigurationIsVisible = 0;
			defaultConfigurationName = Release;
		};
		OBJ_35 /* Build configuration list for PBXNativeTarget "StubKitPackageDescription" */ = {
			isa = XCConfigurationList;
			buildConfigurations = (
				OBJ_36 /* Debug */,
				OBJ_37 /* Release */,
			);
			defaultConfigurationIsVisible = 0;
			defaultConfigurationName = Release;
		};
		OBJ_41 /* Build configuration list for PBXAggregateTarget "StubKitPackageTests" */ = {
			isa = XCConfigurationList;
			buildConfigurations = (
				OBJ_42 /* Debug */,
				OBJ_43 /* Release */,
			);
			defaultConfigurationIsVisible = 0;
			defaultConfigurationName = Release;
		};
		OBJ_46 /* Build configuration list for PBXNativeTarget "StubKitTests" */ = {
			isa = XCConfigurationList;
			buildConfigurations = (
				OBJ_47 /* Debug */,
				OBJ_48 /* Release */,
			);
			defaultConfigurationIsVisible = 0;
			defaultConfigurationName = Release;
		};
/* End XCConfigurationList section */
	};
	rootObject = OBJ_1 /* Project object */;
}
